// !$*UTF8*$!
{
	archiveVersion = 1;
	classes = {
	};
	objectVersion = 46;
	objects = {

/* Begin PBXBuildFile section */
		E26E29FA1BBE54B800BF9CD9 /* RNFirebase.h in Headers */ = {isa = PBXBuildFile; fileRef = E26E29F91BBE54B800BF9CD9 /* RNFirebase.h */; settings = {ATTRIBUTES = (Public, ); }; };
		E26E2A131BBE54F600BF9CD9 /* RNFirebase.swift in Sources */ = {isa = PBXBuildFile; fileRef = E26E2A101BBE54F600BF9CD9 /* RNFirebase.swift */; };
		E26E2A141BBE54F600BF9CD9 /* RNFirebase.m in Sources */ = {isa = PBXBuildFile; fileRef = E26E2A111BBE54F600BF9CD9 /* RNFirebase.m */; };
		E26E2A151BBE54F600BF9CD9 /* RNFirebase-Bridging-Header.h in Headers */ = {isa = PBXBuildFile; fileRef = E26E2A121BBE54F600BF9CD9 /* RNFirebase-Bridging-Header.h */; };
		E26E2A601BBE592700BF9CD9 /* libReact.a in Frameworks */ = {isa = PBXBuildFile; fileRef = E26E2A5F1BBE592700BF9CD9 /* libReact.a */; };
/* End PBXBuildFile section */

/* Begin PBXFileReference section */
		E26E29F41BBE54B800BF9CD9 /* RNFirebase.framework */ = {isa = PBXFileReference; explicitFileType = wrapper.framework; includeInIndex = 0; path = RNFirebase.framework; sourceTree = BUILT_PRODUCTS_DIR; };
		E26E29F81BBE54B800BF9CD9 /* Info.plist */ = {isa = PBXFileReference; lastKnownFileType = text.plist.xml; path = Info.plist; sourceTree = "<group>"; };
		E26E29F91BBE54B800BF9CD9 /* RNFirebase.h */ = {isa = PBXFileReference; lastKnownFileType = sourcecode.c.h; path = RNFirebase.h; sourceTree = "<group>"; };
		E26E2A051BBE54B800BF9CD9 /* Info.plist */ = {isa = PBXFileReference; lastKnownFileType = text.plist.xml; path = Info.plist; sourceTree = "<group>"; };
		E26E2A061BBE54B800BF9CD9 /* RNFirebaseTests.swift */ = {isa = PBXFileReference; lastKnownFileType = sourcecode.swift; path = RNFirebaseTests.swift; sourceTree = "<group>"; };
		E26E2A101BBE54F600BF9CD9 /* RNFirebase.swift */ = {isa = PBXFileReference; fileEncoding = 4; lastKnownFileType = sourcecode.swift; path = RNFirebase.swift; sourceTree = "<group>"; };
		E26E2A111BBE54F600BF9CD9 /* RNFirebase.m */ = {isa = PBXFileReference; fileEncoding = 4; lastKnownFileType = sourcecode.c.objc; path = RNFirebase.m; sourceTree = "<group>"; };
		E26E2A121BBE54F600BF9CD9 /* RNFirebase-Bridging-Header.h */ = {isa = PBXFileReference; fileEncoding = 4; lastKnownFileType = sourcecode.c.h; path = "RNFirebase-Bridging-Header.h"; sourceTree = "<group>"; };
		E26E2A5F1BBE592700BF9CD9 /* libReact.a */ = {isa = PBXFileReference; lastKnownFileType = archive.ar; name = libReact.a; path = "../../../../Library/Developer/Xcode/DerivedData/podcastfooMobile-boqeypfpxrvhkkewzjtydjhihgdb/Build/Products/Debug-iphoneos/libReact.a"; sourceTree = "<group>"; };
/* End PBXFileReference section */

/* Begin PBXFrameworksBuildPhase section */
		E26E29F01BBE54B800BF9CD9 /* Frameworks */ = {
			isa = PBXFrameworksBuildPhase;
			buildActionMask = 2147483647;
			files = (
				E26E2A601BBE592700BF9CD9 /* libReact.a in Frameworks */,
			);
			runOnlyForDeploymentPostprocessing = 0;
		};
/* End PBXFrameworksBuildPhase section */

/* Begin PBXGroup section */
		E26E29EA1BBE54B800BF9CD9 = {
			isa = PBXGroup;
			children = (
				E26E2A5F1BBE592700BF9CD9 /* libReact.a */,
				E26E29F61BBE54B800BF9CD9 /* RNFirebase */,
				E26E2A031BBE54B800BF9CD9 /* RNFirebaseTests */,
				E26E29F51BBE54B800BF9CD9 /* Products */,
			);
			sourceTree = "<group>";
		};
		E26E29F51BBE54B800BF9CD9 /* Products */ = {
			isa = PBXGroup;
			children = (
				E26E29F41BBE54B800BF9CD9 /* RNFirebase.framework */,
			);
			name = Products;
			sourceTree = "<group>";
		};
		E26E29F61BBE54B800BF9CD9 /* RNFirebase */ = {
			isa = PBXGroup;
			children = (
				E26E2A101BBE54F600BF9CD9 /* RNFirebase.swift */,
				E26E2A111BBE54F600BF9CD9 /* RNFirebase.m */,
				E26E2A121BBE54F600BF9CD9 /* RNFirebase-Bridging-Header.h */,
				E26E29F91BBE54B800BF9CD9 /* RNFirebase.h */,
				E26E29F71BBE54B800BF9CD9 /* Supporting Files */,
			);
			path = RNFirebase;
			sourceTree = "<group>";
		};
		E26E29F71BBE54B800BF9CD9 /* Supporting Files */ = {
			isa = PBXGroup;
			children = (
				E26E29F81BBE54B800BF9CD9 /* Info.plist */,
			);
			name = "Supporting Files";
			sourceTree = "<group>";
		};
		E26E2A031BBE54B800BF9CD9 /* RNFirebaseTests */ = {
			isa = PBXGroup;
			children = (
				E26E2A061BBE54B800BF9CD9 /* RNFirebaseTests.swift */,
				E26E2A041BBE54B800BF9CD9 /* Supporting Files */,
			);
			path = RNFirebaseTests;
			sourceTree = "<group>";
		};
		E26E2A041BBE54B800BF9CD9 /* Supporting Files */ = {
			isa = PBXGroup;
			children = (
				E26E2A051BBE54B800BF9CD9 /* Info.plist */,
			);
			name = "Supporting Files";
			sourceTree = "<group>";
		};
/* End PBXGroup section */

/* Begin PBXHeadersBuildPhase section */
		E26E29F11BBE54B800BF9CD9 /* Headers */ = {
			isa = PBXHeadersBuildPhase;
			buildActionMask = 2147483647;
			files = (
				E26E2A151BBE54F600BF9CD9 /* RNFirebase-Bridging-Header.h in Headers */,
				E26E29FA1BBE54B800BF9CD9 /* RNFirebase.h in Headers */,
			);
			runOnlyForDeploymentPostprocessing = 0;
		};
/* End PBXHeadersBuildPhase section */

/* Begin PBXNativeTarget section */
		E26E29F31BBE54B800BF9CD9 /* RNFirebase */ = {
			isa = PBXNativeTarget;
			buildConfigurationList = E26E2A0A1BBE54B800BF9CD9 /* Build configuration list for PBXNativeTarget "RNFirebase" */;
			buildPhases = (
				E26E29EF1BBE54B800BF9CD9 /* Sources */,
				E26E29F01BBE54B800BF9CD9 /* Frameworks */,
				E26E29F11BBE54B800BF9CD9 /* Headers */,
				E26E29F21BBE54B800BF9CD9 /* Resources */,
			);
			buildRules = (
			);
			dependencies = (
			);
			name = RNFirebase;
			productName = RNFirebase;
			productReference = E26E29F41BBE54B800BF9CD9 /* RNFirebase.framework */;
			productType = "com.apple.product-type.framework";
		};
/* End PBXNativeTarget section */

/* Begin PBXProject section */
		E26E29EB1BBE54B800BF9CD9 /* Project object */ = {
			isa = PBXProject;
			attributes = {
				LastUpgradeCheck = 0640;
				ORGANIZATIONNAME = "Alonso Holmes";
				TargetAttributes = {
					E26E29F31BBE54B800BF9CD9 = {
						CreatedOnToolsVersion = 6.4;
					};
				};
			};
			buildConfigurationList = E26E29EE1BBE54B800BF9CD9 /* Build configuration list for PBXProject "RNFirebase" */;
			compatibilityVersion = "Xcode 3.2";
			developmentRegion = English;
			hasScannedForEncodings = 0;
			knownRegions = (
				en,
			);
			mainGroup = E26E29EA1BBE54B800BF9CD9;
			productRefGroup = E26E29F51BBE54B800BF9CD9 /* Products */;
			projectDirPath = "";
			projectRoot = "";
			targets = (
				E26E29F31BBE54B800BF9CD9 /* RNFirebase */,
			);
		};
/* End PBXProject section */

/* Begin PBXResourcesBuildPhase section */
		E26E29F21BBE54B800BF9CD9 /* Resources */ = {
			isa = PBXResourcesBuildPhase;
			buildActionMask = 2147483647;
			files = (
			);
			runOnlyForDeploymentPostprocessing = 0;
		};
/* End PBXResourcesBuildPhase section */

/* Begin PBXSourcesBuildPhase section */
		E26E29EF1BBE54B800BF9CD9 /* Sources */ = {
			isa = PBXSourcesBuildPhase;
			buildActionMask = 2147483647;
			files = (
				E26E2A141BBE54F600BF9CD9 /* RNFirebase.m in Sources */,
				E26E2A131BBE54F600BF9CD9 /* RNFirebase.swift in Sources */,
			);
			runOnlyForDeploymentPostprocessing = 0;
		};
/* End PBXSourcesBuildPhase section */

/* Begin XCBuildConfiguration section */
		E26E2A081BBE54B800BF9CD9 /* Debug */ = {
			isa = XCBuildConfiguration;
			buildSettings = {
				ALWAYS_SEARCH_USER_PATHS = NO;
				CLANG_CXX_LANGUAGE_STANDARD = "gnu++0x";
				CLANG_CXX_LIBRARY = "libc++";
				CLANG_ENABLE_MODULES = YES;
				CLANG_ENABLE_OBJC_ARC = YES;
				CLANG_WARN_BOOL_CONVERSION = YES;
				CLANG_WARN_CONSTANT_CONVERSION = YES;
				CLANG_WARN_DIRECT_OBJC_ISA_USAGE = YES_ERROR;
				CLANG_WARN_EMPTY_BODY = YES;
				CLANG_WARN_ENUM_CONVERSION = YES;
				CLANG_WARN_INT_CONVERSION = YES;
				CLANG_WARN_OBJC_ROOT_CLASS = YES_ERROR;
				CLANG_WARN_UNREACHABLE_CODE = YES;
				CLANG_WARN__DUPLICATE_METHOD_MATCH = YES;
				"CODE_SIGN_IDENTITY[sdk=iphoneos*]" = "iPhone Developer";
				COPY_PHASE_STRIP = NO;
				CURRENT_PROJECT_VERSION = 1;
				DEAD_CODE_STRIPPING = NO;
				DEBUG_INFORMATION_FORMAT = "dwarf-with-dsym";
				ENABLE_STRICT_OBJC_MSGSEND = YES;
				GCC_C_LANGUAGE_STANDARD = gnu99;
				GCC_DYNAMIC_NO_PIC = NO;
				GCC_NO_COMMON_BLOCKS = YES;
				GCC_OPTIMIZATION_LEVEL = 0;
				GCC_PREPROCESSOR_DEFINITIONS = (
					"DEBUG=1",
					"$(inherited)",
				);
				GCC_SYMBOLS_PRIVATE_EXTERN = NO;
				GCC_WARN_64_TO_32_BIT_CONVERSION = YES;
				GCC_WARN_ABOUT_RETURN_TYPE = YES_ERROR;
				GCC_WARN_UNDECLARED_SELECTOR = YES;
				GCC_WARN_UNINITIALIZED_AUTOS = YES_AGGRESSIVE;
				GCC_WARN_UNUSED_FUNCTION = YES;
				GCC_WARN_UNUSED_VARIABLE = YES;
				HEADER_SEARCH_PATHS = (
					"$(inherited)",
					/Applications/Xcode.app/Contents/Developer/Toolchains/XcodeDefault.xctoolchain/usr/include,
					"$(SRCROOT)/../react-native/React/**",
					"$(SRCROOT)/../../React/**",
					"$(SRCROOT)/node_modules/react-native/React/**",
				);
				IPHONEOS_DEPLOYMENT_TARGET = 8.4;
				MTL_ENABLE_DEBUG_INFO = YES;
				ONLY_ACTIVE_ARCH = YES;
				SDKROOT = iphoneos;
				SWIFT_OPTIMIZATION_LEVEL = "-Onone";
				TARGETED_DEVICE_FAMILY = "1,2";
				VERSIONING_SYSTEM = "apple-generic";
				VERSION_INFO_PREFIX = "";
			};
			name = Debug;
		};
		E26E2A091BBE54B800BF9CD9 /* Release */ = {
			isa = XCBuildConfiguration;
			buildSettings = {
				ALWAYS_SEARCH_USER_PATHS = NO;
				CLANG_CXX_LANGUAGE_STANDARD = "gnu++0x";
				CLANG_CXX_LIBRARY = "libc++";
				CLANG_ENABLE_MODULES = YES;
				CLANG_ENABLE_OBJC_ARC = YES;
				CLANG_WARN_BOOL_CONVERSION = YES;
				CLANG_WARN_CONSTANT_CONVERSION = YES;
				CLANG_WARN_DIRECT_OBJC_ISA_USAGE = YES_ERROR;
				CLANG_WARN_EMPTY_BODY = YES;
				CLANG_WARN_ENUM_CONVERSION = YES;
				CLANG_WARN_INT_CONVERSION = YES;
				CLANG_WARN_OBJC_ROOT_CLASS = YES_ERROR;
				CLANG_WARN_UNREACHABLE_CODE = YES;
				CLANG_WARN__DUPLICATE_METHOD_MATCH = YES;
				"CODE_SIGN_IDENTITY[sdk=iphoneos*]" = "iPhone Developer";
				COPY_PHASE_STRIP = NO;
				CURRENT_PROJECT_VERSION = 1;
				DEAD_CODE_STRIPPING = NO;
				DEBUG_INFORMATION_FORMAT = "dwarf-with-dsym";
				ENABLE_NS_ASSERTIONS = NO;
				ENABLE_STRICT_OBJC_MSGSEND = YES;
				GCC_C_LANGUAGE_STANDARD = gnu99;
				GCC_NO_COMMON_BLOCKS = YES;
				GCC_WARN_64_TO_32_BIT_CONVERSION = YES;
				GCC_WARN_ABOUT_RETURN_TYPE = YES_ERROR;
				GCC_WARN_UNDECLARED_SELECTOR = YES;
				GCC_WARN_UNINITIALIZED_AUTOS = YES_AGGRESSIVE;
				GCC_WARN_UNUSED_FUNCTION = YES;
				GCC_WARN_UNUSED_VARIABLE = YES;
				HEADER_SEARCH_PATHS = (
					"$(inherited)",
					/Applications/Xcode.app/Contents/Developer/Toolchains/XcodeDefault.xctoolchain/usr/include,
					"$(SRCROOT)/../react-native/React/**",
					"$(SRCROOT)/../../React/**",
					"$(SRCROOT)/node_modules/react-native/React/**",
				);
				IPHONEOS_DEPLOYMENT_TARGET = 8.4;
				MTL_ENABLE_DEBUG_INFO = NO;
				SDKROOT = iphoneos;
				TARGETED_DEVICE_FAMILY = "1,2";
				VALIDATE_PRODUCT = YES;
				VERSIONING_SYSTEM = "apple-generic";
				VERSION_INFO_PREFIX = "";
			};
			name = Release;
		};
		E26E2A0B1BBE54B800BF9CD9 /* Debug */ = {
			isa = XCBuildConfiguration;
			buildSettings = {
				ALWAYS_SEARCH_USER_PATHS = NO;
				DEAD_CODE_STRIPPING = NO;
				DEFINES_MODULE = YES;
				DYLIB_COMPATIBILITY_VERSION = 1;
				DYLIB_CURRENT_VERSION = 1;
				DYLIB_INSTALL_NAME_BASE = "@rpath";
				FRAMEWORK_SEARCH_PATHS = (
					"$(inherited)",
					"/Users/alonso/dev/podcastfooMobile/node_modules/react-native-firebase",
					"$(PROJECT_DIR)",
				);
				HEADER_SEARCH_PATHS = (
					"$(inherited)",
					/Applications/Xcode.app/Contents/Developer/Toolchains/XcodeDefault.xctoolchain/usr/include,
					"$(SRCROOT)/../react-native/React/**",
					"$(SRCROOT)/../../React/**",
					"$(SRCROOT)/node_modules/react-native/React/**",
				);
				INFOPLIST_FILE = RNFirebase/Info.plist;
				INSTALL_PATH = "$(LOCAL_LIBRARY_DIR)/Frameworks";
				LD_RUNPATH_SEARCH_PATHS = "$(inherited) @executable_path/Frameworks @loader_path/Frameworks";
				LIBRARY_SEARCH_PATHS = (
					"$(inherited)",
					"$(USER_LIBRARY_DIR)/Developer/Xcode/DerivedData/podcastfooMobile-boqeypfpxrvhkkewzjtydjhihgdb/Build/Products/Debug-iphoneos",
					"/Users/alonso/dev/podcastfooMobile/Pods/../build/Debug-iphoneos",
				);
				PRODUCT_NAME = "$(TARGET_NAME)";
				SKIP_INSTALL = YES;
				TARGETED_DEVICE_FAMILY = 1;
			};
			name = Debug;
		};
		E26E2A0C1BBE54B800BF9CD9 /* Release */ = {
			isa = XCBuildConfiguration;
			buildSettings = {
				ALWAYS_SEARCH_USER_PATHS = NO;
				DEAD_CODE_STRIPPING = NO;
				DEFINES_MODULE = YES;
				DYLIB_COMPATIBILITY_VERSION = 1;
				DYLIB_CURRENT_VERSION = 1;
				DYLIB_INSTALL_NAME_BASE = "@rpath";
				FRAMEWORK_SEARCH_PATHS = (
					"$(inherited)",
					"/Users/alonso/dev/podcastfooMobile/node_modules/react-native-firebase",
					"$(PROJECT_DIR)",
				);
				HEADER_SEARCH_PATHS = (
					"$(inherited)",
					/Applications/Xcode.app/Contents/Developer/Toolchains/XcodeDefault.xctoolchain/usr/include,
					"$(SRCROOT)/../react-native/React/**",
					"$(SRCROOT)/../../React/**",
					"$(SRCROOT)/node_modules/react-native/React/**",
				);
				INFOPLIST_FILE = RNFirebase/Info.plist;
				INSTALL_PATH = "$(LOCAL_LIBRARY_DIR)/Frameworks";
				LD_RUNPATH_SEARCH_PATHS = "$(inherited) @executable_path/Frameworks @loader_path/Frameworks";
				LIBRARY_SEARCH_PATHS = (
					"$(inherited)",
					"$(USER_LIBRARY_DIR)/Developer/Xcode/DerivedData/podcastfooMobile-boqeypfpxrvhkkewzjtydjhihgdb/Build/Products/Debug-iphoneos",
					"/Users/alonso/dev/podcastfooMobile/Pods/../build/Debug-iphoneos",
				);
				PRODUCT_NAME = "$(TARGET_NAME)";
				SKIP_INSTALL = YES;
				TARGETED_DEVICE_FAMILY = 1;
			};
			name = Release;
		};
/* End XCBuildConfiguration section */

/* Begin XCConfigurationList section */
		E26E29EE1BBE54B800BF9CD9 /* Build configuration list for PBXProject "RNFirebase" */ = {
			isa = XCConfigurationList;
			buildConfigurations = (
				E26E2A081BBE54B800BF9CD9 /* Debug */,
				E26E2A091BBE54B800BF9CD9 /* Release */,
			);
			defaultConfigurationIsVisible = 0;
			defaultConfigurationName = Release;
		};
		E26E2A0A1BBE54B800BF9CD9 /* Build configuration list for PBXNativeTarget "RNFirebase" */ = {
			isa = XCConfigurationList;
			buildConfigurations = (
				E26E2A0B1BBE54B800BF9CD9 /* Debug */,
				E26E2A0C1BBE54B800BF9CD9 /* Release */,
			);
			defaultConfigurationIsVisible = 0;
			defaultConfigurationName = Release;
		};
/* End XCConfigurationList section */
	};
	rootObject = E26E29EB1BBE54B800BF9CD9 /* Project object */;
}
